# THIS IS AN AUTOGENERATED FILE. DO NOT EDIT THIS FILE DIRECTLY.
# yarn lockfile v1


prettier@^1.15.3:
  version "1.15.3"
  resolved "https://registry.yarnpkg.com/prettier/-/prettier-1.15.3.tgz#1feaac5bdd181237b54dbe65d874e02a1472786a"
  integrity sha512-gAU9AGAPMaKb3NNSUUuhhFAS7SCO4ALTN4nRIn6PJ075Qd28Yn2Ig2ahEJWdJwJmlEBTUfC7mMUSFy8MwsOCfg==

slack@^11.0.1:
  version "11.0.1"
  resolved "https://registry.yarnpkg.com/slack/-/slack-11.0.1.tgz#4275999d0d7016425f83c760b7e66ca0a8b93484"
  integrity sha512-IrNIVPZtnflzjo0Rpy947SL2ITAHfw1Mm1VVQAPwUk0Yyy+UW2PCwSJGFUbgagFrR66LviHuhOUqpR+ZMspaeQ==
  dependencies:
    tiny-json-http "^7.0.0"

tiny-json-http@^7.0.0:
  version "7.0.2"
  resolved "https://registry.yarnpkg.com/tiny-json-http/-/tiny-json-http-7.0.2.tgz#be5a52d75d4a92046bc1c5c99a928b49eee1cd6b"
  integrity sha512-5MsAvlq5tvgCY98Y7iQPmpP5ZqLzESrv/S5AwXWIvHL0Z0zVVAfWku7WC6V4rHJb+judXhd28KBnE5+FLOVYaQ==
